
Microsoft Visual Studio Solution File, Format Version 12.00
# Visual Studio Version 16
VisualStudioVersion = 16.0.30717.126
MinimumVisualStudioVersion = 10.0.40219.1
Project("{FAE04EC0-301F-11D3-BF4B-00C04F79EFBC}") = "NUnitTestProject1", "NUnitTestProject1\NUnitTestProject1.csproj", "{D2FA0D9C-2FD4-4556-B4CF-CBA5CC91CC70}"
EndProject
Global
	GlobalSection(SolutionConfigurationPlatforms) = preSolution
		Debug|Any CPU = Debug|Any CPU
		Release|Any CPU = Release|Any CPU
	EndGlobalSection
	GlobalSection(ProjectConfigurationPlatforms) = postSolution
		{D2FA0D9C-2FD4-4556-B4CF-CBA5CC91CC70}.Debug|Any CPU.ActiveCfg = Debug|Any CPU
		{D2FA0D9C-2FD4-4556-B4CF-CBA5CC91CC70}.Debug|Any CPU.Build.0 = Debug|Any CPU
		{D2FA0D9C-2FD4-4556-B4CF-CBA5CC91CC70}.Release|Any CPU.ActiveCfg = Release|Any CPU
		{D2FA0D9C-2FD4-4556-B4CF-CBA5CC91CC70}.Release|Any CPU.Build.0 = Release|Any CPU
	EndGlobalSection
	GlobalSection(SolutionProperties) = preSolution
		HideSolutionNode = FALSE
	EndGlobalSection
	GlobalSection(ExtensibilityGlobals) = postSolution
		SolutionGuid = {85B56470-7D01-4313-A961-209F9AA883A5}
	EndGlobalSection
EndGlobal
